
Microsoft Visual Studio Solution File, Format Version 12.00
# Visual Studio 15
VisualStudioVersion = 15.0.28307.779
MinimumVisualStudioVersion = 10.0.40219.1
Project("{FAE04EC0-301F-11D3-BF4B-00C04F79EFBC}") = "BASE_SISTEMA_ISOLAMENTO", "BASE_SISTEMA_ISOLAMENTO\BASE_SISTEMA_ISOLAMENTO.csproj", "{D82F2938-3099-4AC6-BBC6-008296A11E7F}"
EndProject
Global
	GlobalSection(SolutionConfigurationPlatforms) = preSolution
		Debug|Any CPU = Debug|Any CPU
		Release|Any CPU = Release|Any CPU
	EndGlobalSection
	GlobalSection(ProjectConfigurationPlatforms) = postSolution
		{D82F2938-3099-4AC6-BBC6-008296A11E7F}.Debug|Any CPU.ActiveCfg = Debug|Any CPU
		{D82F2938-3099-4AC6-BBC6-008296A11E7F}.Debug|Any CPU.Build.0 = Debug|Any CPU
		{D82F2938-3099-4AC6-BBC6-008296A11E7F}.Release|Any CPU.ActiveCfg = Release|Any CPU
		{D82F2938-3099-4AC6-BBC6-008296A11E7F}.Release|Any CPU.Build.0 = Release|Any CPU
	EndGlobalSection
	GlobalSection(SolutionProperties) = preSolution
		HideSolutionNode = FALSE
	EndGlobalSection
	GlobalSection(ExtensibilityGlobals) = postSolution
		SolutionGuid = {B174B59F-F8B8-4375-8B82-7E5B61C9BA84}
	EndGlobalSection
EndGlobal
